// !$*UTF8*$!
{
	archiveVersion = 1;
	classes = {
	};
	objectVersion = 50;
	objects = {

/* Begin PBXBuildFile section */
		F12704D5214F8923008AC793 /* AppDelegate.m in Sources */ = {isa = PBXBuildFile; fileRef = F12704D4214F8923008AC793 /* AppDelegate.m */; };
		F12704D8214F8923008AC793 /* ViewController.m in Sources */ = {isa = PBXBuildFile; fileRef = F12704D7214F8923008AC793 /* ViewController.m */; };
		F12704DB214F8923008AC793 /* Main.storyboard in Resources */ = {isa = PBXBuildFile; fileRef = F12704D9214F8923008AC793 /* Main.storyboard */; };
		F12704DD214F8924008AC793 /* Assets.xcassets in Resources */ = {isa = PBXBuildFile; fileRef = F12704DC214F8924008AC793 /* Assets.xcassets */; };
		F12704E0214F8924008AC793 /* LaunchScreen.storyboard in Resources */ = {isa = PBXBuildFile; fileRef = F12704DE214F8924008AC793 /* LaunchScreen.storyboard */; };
		F12704E3214F8924008AC793 /* main.m in Sources */ = {isa = PBXBuildFile; fileRef = F12704E2214F8924008AC793 /* main.m */; };
		F12704ED214F8924008AC793 /* zxcvTests.m in Sources */ = {isa = PBXBuildFile; fileRef = F12704EC214F8924008AC793 /* zxcvTests.m */; };
		F12704F8214F8924008AC793 /* zxcvUITests.m in Sources */ = {isa = PBXBuildFile; fileRef = F12704F7214F8924008AC793 /* zxcvUITests.m */; };
		F1270508214F894A008AC793 /* zxc.m in Sources */ = {isa = PBXBuildFile; fileRef = F1270507214F894A008AC793 /* zxc.m */; };
		F127050C214F89BF008AC793 /* asd.m in Sources */ = {isa = PBXBuildFile; fileRef = F127050B214F89BF008AC793 /* asd.m */; };
/* End PBXBuildFile section */

/* Begin PBXContainerItemProxy section */
		F12704E9214F8924008AC793 /* PBXContainerItemProxy */ = {
			isa = PBXContainerItemProxy;
			containerPortal = F12704C8214F8923008AC793 /* Project object */;
			proxyType = 1;
			remoteGlobalIDString = F12704CF214F8923008AC793;
			remoteInfo = zxcv;
		};
		F12704F4214F8924008AC793 /* PBXContainerItemProxy */ = {
			isa = PBXContainerItemProxy;
			containerPortal = F12704C8214F8923008AC793 /* Project object */;
			proxyType = 1;
			remoteGlobalIDString = F12704CF214F8923008AC793;
			remoteInfo = zxcv;
		};
/* End PBXContainerItemProxy section */

/* Begin PBXFileReference section */
		F12704D0214F8923008AC793 /* zxcv.app */ = {isa = PBXFileReference; explicitFileType = wrapper.application; includeInIndex = 0; path = zxcv.app; sourceTree = BUILT_PRODUCTS_DIR; };
		F12704D3214F8923008AC793 /* AppDelegate.h */ = {isa = PBXFileReference; lastKnownFileType = sourcecode.c.h; path = AppDelegate.h; sourceTree = "<group>"; };
		F12704D4214F8923008AC793 /* AppDelegate.m */ = {isa = PBXFileReference; lastKnownFileType = sourcecode.c.objc; path = AppDelegate.m; sourceTree = "<group>"; };
		F12704D6214F8923008AC793 /* ViewController.h */ = {isa = PBXFileReference; lastKnownFileType = sourcecode.c.h; path = ViewController.h; sourceTree = "<group>"; };
		F12704D7214F8923008AC793 /* ViewController.m */ = {isa = PBXFileReference; lastKnownFileType = sourcecode.c.objc; path = ViewController.m; sourceTree = "<group>"; };
		F12704DA214F8923008AC793 /* Base */ = {isa = PBXFileReference; lastKnownFileType = file.storyboard; name = Base; path = Base.lproj/Main.storyboard; sourceTree = "<group>"; };
		F12704DC214F8924008AC793 /* Assets.xcassets */ = {isa = PBXFileReference; lastKnownFileType = folder.assetcatalog; path = Assets.xcassets; sourceTree = "<group>"; };
		F12704DF214F8924008AC793 /* Base */ = {isa = PBXFileReference; lastKnownFileType = file.storyboard; name = Base; path = Base.lproj/LaunchScreen.storyboard; sourceTree = "<group>"; };
		F12704E1214F8924008AC793 /* Info.plist */ = {isa = PBXFileReference; lastKnownFileType = text.plist.xml; path = Info.plist; sourceTree = "<group>"; };
		F12704E2214F8924008AC793 /* main.m */ = {isa = PBXFileReference; lastKnownFileType = sourcecode.c.objc; path = main.m; sourceTree = "<group>"; };
		F12704E8214F8924008AC793 /* zxcvTests.xctest */ = {isa = PBXFileReference; explicitFileType = wrapper.cfbundle; includeInIndex = 0; path = zxcvTests.xctest; sourceTree = BUILT_PRODUCTS_DIR; };
		F12704EC214F8924008AC793 /* zxcvTests.m */ = {isa = PBXFileReference; lastKnownFileType = sourcecode.c.objc; path = zxcvTests.m; sourceTree = "<group>"; };
		F12704EE214F8924008AC793 /* Info.plist */ = {isa = PBXFileReference; lastKnownFileType = text.plist.xml; path = Info.plist; sourceTree = "<group>"; };
		F12704F3214F8924008AC793 /* zxcvUITests.xctest */ = {isa = PBXFileReference; explicitFileType = wrapper.cfbundle; includeInIndex = 0; path = zxcvUITests.xctest; sourceTree = BUILT_PRODUCTS_DIR; };
		F12704F7214F8924008AC793 /* zxcvUITests.m */ = {isa = PBXFileReference; lastKnownFileType = sourcecode.c.objc; path = zxcvUITests.m; sourceTree = "<group>"; };
		F12704F9214F8924008AC793 /* Info.plist */ = {isa = PBXFileReference; lastKnownFileType = text.plist.xml; path = Info.plist; sourceTree = "<group>"; };
		F1270506214F894A008AC793 /* zxc.h */ = {isa = PBXFileReference; lastKnownFileType = sourcecode.c.h; path = zxc.h; sourceTree = "<group>"; };
		F1270507214F894A008AC793 /* zxc.m */ = {isa = PBXFileReference; lastKnownFileType = sourcecode.c.objc; path = zxc.m; sourceTree = "<group>"; };
		F127050A214F89BF008AC793 /* asd.h */ = {isa = PBXFileReference; lastKnownFileType = sourcecode.c.h; path = asd.h; sourceTree = "<group>"; };
		F127050B214F89BF008AC793 /* asd.m */ = {isa = PBXFileReference; lastKnownFileType = sourcecode.c.objc; path = asd.m; sourceTree = "<group>"; };
/* End PBXFileReference section */

/* Begin PBXFrameworksBuildPhase section */
		F12704CD214F8923008AC793 /* Frameworks */ = {
			isa = PBXFrameworksBuildPhase;
			buildActionMask = 2147483647;
			files = (
			);
			runOnlyForDeploymentPostprocessing = 0;
		};
		F12704E5214F8924008AC793 /* Frameworks */ = {
			isa = PBXFrameworksBuildPhase;
			buildActionMask = 2147483647;
			files = (
			);
			runOnlyForDeploymentPostprocessing = 0;
		};
		F12704F0214F8924008AC793 /* Frameworks */ = {
			isa = PBXFrameworksBuildPhase;
			buildActionMask = 2147483647;
			files = (
			);
			runOnlyForDeploymentPostprocessing = 0;
		};
/* End PBXFrameworksBuildPhase section */

/* Begin PBXGroup section */
		F12704C7214F8923008AC793 = {
			isa = PBXGroup;
			children = (
				F12704D2214F8923008AC793 /* zxcv */,
				F12704EB214F8924008AC793 /* zxcvTests */,
				F12704F6214F8924008AC793 /* zxcvUITests */,
				F12704D1214F8923008AC793 /* Products */,
			);
			sourceTree = "<group>";
		};
		F12704D1214F8923008AC793 /* Products */ = {
			isa = PBXGroup;
			children = (
				F12704D0214F8923008AC793 /* zxcv.app */,
				F12704E8214F8924008AC793 /* zxcvTests.xctest */,
				F12704F3214F8924008AC793 /* zxcvUITests.xctest */,
			);
			name = Products;
			sourceTree = "<group>";
		};
		F12704D2214F8923008AC793 /* zxcv */ = {
			isa = PBXGroup;
			children = (
				F1270509214F89B7008AC793 /* san  */,
				F1270505214F8940008AC793 /* 未命名文件夹 */,
				F12704D3214F8923008AC793 /* AppDelegate.h */,
				F12704D4214F8923008AC793 /* AppDelegate.m */,
				F12704D6214F8923008AC793 /* ViewController.h */,
				F12704D7214F8923008AC793 /* ViewController.m */,
				F12704D9214F8923008AC793 /* Main.storyboard */,
				F12704DC214F8924008AC793 /* Assets.xcassets */,
				F12704DE214F8924008AC793 /* LaunchScreen.storyboard */,
				F12704E1214F8924008AC793 /* Info.plist */,
				F12704E2214F8924008AC793 /* main.m */,
			);
			path = zxcv;
			sourceTree = "<group>";
		};
		F12704EB214F8924008AC793 /* zxcvTests */ = {
			isa = PBXGroup;
			children = (
				F12704EC214F8924008AC793 /* zxcvTests.m */,
				F12704EE214F8924008AC793 /* Info.plist */,
			);
			path = zxcvTests;
			sourceTree = "<group>";
		};
		F12704F6214F8924008AC793 /* zxcvUITests */ = {
			isa = PBXGroup;
			children = (
				F12704F7214F8924008AC793 /* zxcvUITests.m */,
				F12704F9214F8924008AC793 /* Info.plist */,
			);
			path = zxcvUITests;
			sourceTree = "<group>";
		};
		F1270505214F8940008AC793 /* 未命名文件夹 */ = {
			isa = PBXGroup;
			children = (
				F1270506214F894A008AC793 /* zxc.h */,
				F1270507214F894A008AC793 /* zxc.m */,
			);
			path = "未命名文件夹";
			sourceTree = "<group>";
		};
		F1270509214F89B7008AC793 /* san  */ = {
			isa = PBXGroup;
			children = (
				F127050A214F89BF008AC793 /* asd.h */,
				F127050B214F89BF008AC793 /* asd.m */,
			);
			path = "san ";
			sourceTree = "<group>";
		};
/* End PBXGroup section */

/* Begin PBXNativeTarget section */
		F12704CF214F8923008AC793 /* zxcv */ = {
			isa = PBXNativeTarget;
			buildConfigurationList = F12704FC214F8924008AC793 /* Build configuration list for PBXNativeTarget "zxcv" */;
			buildPhases = (
				F12704CC214F8923008AC793 /* Sources */,
				F12704CD214F8923008AC793 /* Frameworks */,
				F12704CE214F8923008AC793 /* Resources */,
			);
			buildRules = (
			);
			dependencies = (
			);
			name = zxcv;
			productName = zxcv;
			productReference = F12704D0214F8923008AC793 /* zxcv.app */;
			productType = "com.apple.product-type.application";
		};
		F12704E7214F8924008AC793 /* zxcvTests */ = {
			isa = PBXNativeTarget;
			buildConfigurationList = F12704FF214F8924008AC793 /* Build configuration list for PBXNativeTarget "zxcvTests" */;
			buildPhases = (
				F12704E4214F8924008AC793 /* Sources */,
				F12704E5214F8924008AC793 /* Frameworks */,
				F12704E6214F8924008AC793 /* Resources */,
			);
			buildRules = (
			);
			dependencies = (
				F12704EA214F8924008AC793 /* PBXTargetDependency */,
			);
			name = zxcvTests;
			productName = zxcvTests;
			productReference = F12704E8214F8924008AC793 /* zxcvTests.xctest */;
			productType = "com.apple.product-type.bundle.unit-test";
		};
		F12704F2214F8924008AC793 /* zxcvUITests */ = {
			isa = PBXNativeTarget;
			buildConfigurationList = F1270502214F8924008AC793 /* Build configuration list for PBXNativeTarget "zxcvUITests" */;
			buildPhases = (
				F12704EF214F8924008AC793 /* Sources */,
				F12704F0214F8924008AC793 /* Frameworks */,
				F12704F1214F8924008AC793 /* Resources */,
			);
			buildRules = (
			);
			dependencies = (
				F12704F5214F8924008AC793 /* PBXTargetDependency */,
			);
			name = zxcvUITests;
			productName = zxcvUITests;
			productReference = F12704F3214F8924008AC793 /* zxcvUITests.xctest */;
			productType = "com.apple.product-type.bundle.ui-testing";
		};
/* End PBXNativeTarget section */

/* Begin PBXProject section */
		F12704C8214F8923008AC793 /* Project object */ = {
			isa = PBXProject;
			attributes = {
				LastUpgradeCheck = 0940;
				ORGANIZATIONNAME = "上海易迪爱网络工程有限公司";
				TargetAttributes = {
					F12704CF214F8923008AC793 = {
						CreatedOnToolsVersion = 9.4.1;
					};
					F12704E7214F8924008AC793 = {
						CreatedOnToolsVersion = 9.4.1;
						TestTargetID = F12704CF214F8923008AC793;
					};
					F12704F2214F8924008AC793 = {
						CreatedOnToolsVersion = 9.4.1;
						TestTargetID = F12704CF214F8923008AC793;
					};
				};
			};
			buildConfigurationList = F12704CB214F8923008AC793 /* Build configuration list for PBXProject "zxcv" */;
			compatibilityVersion = "Xcode 9.3";
			developmentRegion = en;
			hasScannedForEncodings = 0;
			knownRegions = (
				en,
				Base,
			);
			mainGroup = F12704C7214F8923008AC793;
			productRefGroup = F12704D1214F8923008AC793 /* Products */;
			projectDirPath = "";
			projectRoot = "";
			targets = (
				F12704CF214F8923008AC793 /* zxcv */,
				F12704E7214F8924008AC793 /* zxcvTests */,
				F12704F2214F8924008AC793 /* zxcvUITests */,
			);
		};
/* End PBXProject section */

/* Begin PBXResourcesBuildPhase section */
		F12704CE214F8923008AC793 /* Resources */ = {
			isa = PBXResourcesBuildPhase;
			buildActionMask = 2147483647;
			files = (
				F12704E0214F8924008AC793 /* LaunchScreen.storyboard in Resources */,
				F12704DD214F8924008AC793 /* Assets.xcassets in Resources */,
				F12704DB214F8923008AC793 /* Main.storyboard in Resources */,
			);
			runOnlyForDeploymentPostprocessing = 0;
		};
		F12704E6214F8924008AC793 /* Resources */ = {
			isa = PBXResourcesBuildPhase;
			buildActionMask = 2147483647;
			files = (
			);
			runOnlyForDeploymentPostprocessing = 0;
		};
		F12704F1214F8924008AC793 /* Resources */ = {
			isa = PBXResourcesBuildPhase;
			buildActionMask = 2147483647;
			files = (
			);
			runOnlyForDeploymentPostprocessing = 0;
		};
/* End PBXResourcesBuildPhase section */

/* Begin PBXSourcesBuildPhase section */
		F12704CC214F8923008AC793 /* Sources */ = {
			isa = PBXSourcesBuildPhase;
			buildActionMask = 2147483647;
			files = (
				F12704D8214F8923008AC793 /* ViewController.m in Sources */,
				F1270508214F894A008AC793 /* zxc.m in Sources */,
				F12704E3214F8924008AC793 /* main.m in Sources */,
				F12704D5214F8923008AC793 /* AppDelegate.m in Sources */,
				F127050C214F89BF008AC793 /* asd.m in Sources */,
			);
			runOnlyForDeploymentPostprocessing = 0;
		};
		F12704E4214F8924008AC793 /* Sources */ = {
			isa = PBXSourcesBuildPhase;
			buildActionMask = 2147483647;
			files = (
				F12704ED214F8924008AC793 /* zxcvTests.m in Sources */,
			);
			runOnlyForDeploymentPostprocessing = 0;
		};
		F12704EF214F8924008AC793 /* Sources */ = {
			isa = PBXSourcesBuildPhase;
			buildActionMask = 2147483647;
			files = (
				F12704F8214F8924008AC793 /* zxcvUITests.m in Sources */,
			);
			runOnlyForDeploymentPostprocessing = 0;
		};
/* End PBXSourcesBuildPhase section */

/* Begin PBXTargetDependency section */
		F12704EA214F8924008AC793 /* PBXTargetDependency */ = {
			isa = PBXTargetDependency;
			target = F12704CF214F8923008AC793 /* zxcv */;
			targetProxy = F12704E9214F8924008AC793 /* PBXContainerItemProxy */;
		};
		F12704F5214F8924008AC793 /* PBXTargetDependency */ = {
			isa = PBXTargetDependency;
			target = F12704CF214F8923008AC793 /* zxcv */;
			targetProxy = F12704F4214F8924008AC793 /* PBXContainerItemProxy */;
		};
/* End PBXTargetDependency section */

/* Begin PBXVariantGroup section */
		F12704D9214F8923008AC793 /* Main.storyboard */ = {
			isa = PBXVariantGroup;
			children = (
				F12704DA214F8923008AC793 /* Base */,
			);
			name = Main.storyboard;
			sourceTree = "<group>";
		};
		F12704DE214F8924008AC793 /* LaunchScreen.storyboard */ = {
			isa = PBXVariantGroup;
			children = (
				F12704DF214F8924008AC793 /* Base */,
			);
			name = LaunchScreen.storyboard;
			sourceTree = "<group>";
		};
/* End PBXVariantGroup section */

/* Begin XCBuildConfiguration section */
		F12704FA214F8924008AC793 /* Debug */ = {
			isa = XCBuildConfiguration;
			buildSettings = {
				ALWAYS_SEARCH_USER_PATHS = NO;
				CLANG_ANALYZER_NONNULL = YES;
				CLANG_ANALYZER_NUMBER_OBJECT_CONVERSION = YES_AGGRESSIVE;
				CLANG_CXX_LANGUAGE_STANDARD = "gnu++14";
				CLANG_CXX_LIBRARY = "libc++";
				CLANG_ENABLE_MODULES = YES;
				CLANG_ENABLE_OBJC_ARC = YES;
				CLANG_ENABLE_OBJC_WEAK = YES;
				CLANG_WARN_BLOCK_CAPTURE_AUTORELEASING = YES;
				CLANG_WARN_BOOL_CONVERSION = YES;
				CLANG_WARN_COMMA = YES;
				CLANG_WARN_CONSTANT_CONVERSION = YES;
				CLANG_WARN_DEPRECATED_OBJC_IMPLEMENTATIONS = YES;
				CLANG_WARN_DIRECT_OBJC_ISA_USAGE = YES_ERROR;
				CLANG_WARN_DOCUMENTATION_COMMENTS = YES;
				CLANG_WARN_EMPTY_BODY = YES;
				CLANG_WARN_ENUM_CONVERSION = YES;
				CLANG_WARN_INFINITE_RECURSION = YES;
				CLANG_WARN_INT_CONVERSION = YES;
				CLANG_WARN_NON_LITERAL_NULL_CONVERSION = YES;
				CLANG_WARN_OBJC_IMPLICIT_RETAIN_SELF = YES;
				CLANG_WARN_OBJC_LITERAL_CONVERSION = YES;
				CLANG_WARN_OBJC_ROOT_CLASS = YES_ERROR;
				CLANG_WARN_RANGE_LOOP_ANALYSIS = YES;
				CLANG_WARN_STRICT_PROTOTYPES = YES;
				CLANG_WARN_SUSPICIOUS_MOVE = YES;
				CLANG_WARN_UNGUARDED_AVAILABILITY = YES_AGGRESSIVE;
				CLANG_WARN_UNREACHABLE_CODE = YES;
				CLANG_WARN__DUPLICATE_METHOD_MATCH = YES;
				CODE_SIGN_IDENTITY = "iPhone Developer";
				COPY_PHASE_STRIP = NO;
				DEBUG_INFORMATION_FORMAT = dwarf;
				ENABLE_STRICT_OBJC_MSGSEND = YES;
				ENABLE_TESTABILITY = YES;
				GCC_C_LANGUAGE_STANDARD = gnu11;
				GCC_DYNAMIC_NO_PIC = NO;
				GCC_NO_COMMON_BLOCKS = YES;
				GCC_OPTIMIZATION_LEVEL = 0;
				GCC_PREPROCESSOR_DEFINITIONS = (
					"DEBUG=1",
					"$(inherited)",
				);
				GCC_WARN_64_TO_32_BIT_CONVERSION = YES;
				GCC_WARN_ABOUT_RETURN_TYPE = YES_ERROR;
				GCC_WARN_UNDECLARED_SELECTOR = YES;
				GCC_WARN_UNINITIALIZED_AUTOS = YES_AGGRESSIVE;
				GCC_WARN_UNUSED_FUNCTION = YES;
				GCC_WARN_UNUSED_VARIABLE = YES;
				IPHONEOS_DEPLOYMENT_TARGET = 11.4;
				MTL_ENABLE_DEBUG_INFO = YES;
				ONLY_ACTIVE_ARCH = YES;
				SDKROOT = iphoneos;
			};
			name = Debug;
		};
		F12704FB214F8924008AC793 /* Release */ = {
			isa = XCBuildConfiguration;
			buildSettings = {
				ALWAYS_SEARCH_USER_PATHS = NO;
				CLANG_ANALYZER_NONNULL = YES;
				CLANG_ANALYZER_NUMBER_OBJECT_CONVERSION = YES_AGGRESSIVE;
				CLANG_CXX_LANGUAGE_STANDARD = "gnu++14";
				CLANG_CXX_LIBRARY = "libc++";
				CLANG_ENABLE_MODULES = YES;
				CLANG_ENABLE_OBJC_ARC = YES;
				CLANG_ENABLE_OBJC_WEAK = YES;
				CLANG_WARN_BLOCK_CAPTURE_AUTORELEASING = YES;
				CLANG_WARN_BOOL_CONVERSION = YES;
				CLANG_WARN_COMMA = YES;
				CLANG_WARN_CONSTANT_CONVERSION = YES;
				CLANG_WARN_DEPRECATED_OBJC_IMPLEMENTATIONS = YES;
				CLANG_WARN_DIRECT_OBJC_ISA_USAGE = YES_ERROR;
				CLANG_WARN_DOCUMENTATION_COMMENTS = YES;
				CLANG_WARN_EMPTY_BODY = YES;
				CLANG_WARN_ENUM_CONVERSION = YES;
				CLANG_WARN_INFINITE_RECURSION = YES;
				CLANG_WARN_INT_CONVERSION = YES;
				CLANG_WARN_NON_LITERAL_NULL_CONVERSION = YES;
				CLANG_WARN_OBJC_IMPLICIT_RETAIN_SELF = YES;
				CLANG_WARN_OBJC_LITERAL_CONVERSION = YES;
				CLANG_WARN_OBJC_ROOT_CLASS = YES_ERROR;
				CLANG_WARN_RANGE_LOOP_ANALYSIS = YES;
				CLANG_WARN_STRICT_PROTOTYPES = YES;
				CLANG_WARN_SUSPICIOUS_MOVE = YES;
				CLANG_WARN_UNGUARDED_AVAILABILITY = YES_AGGRESSIVE;
				CLANG_WARN_UNREACHABLE_CODE = YES;
				CLANG_WARN__DUPLICATE_METHOD_MATCH = YES;
				CODE_SIGN_IDENTITY = "iPhone Developer";
				COPY_PHASE_STRIP = NO;
				DEBUG_INFORMATION_FORMAT = "dwarf-with-dsym";
				ENABLE_NS_ASSERTIONS = NO;
				ENABLE_STRICT_OBJC_MSGSEND = YES;
				GCC_C_LANGUAGE_STANDARD = gnu11;
				GCC_NO_COMMON_BLOCKS = YES;
				GCC_WARN_64_TO_32_BIT_CONVERSION = YES;
				GCC_WARN_ABOUT_RETURN_TYPE = YES_ERROR;
				GCC_WARN_UNDECLARED_SELECTOR = YES;
				GCC_WARN_UNINITIALIZED_AUTOS = YES_AGGRESSIVE;
				GCC_WARN_UNUSED_FUNCTION = YES;
				GCC_WARN_UNUSED_VARIABLE = YES;
				IPHONEOS_DEPLOYMENT_TARGET = 11.4;
				MTL_ENABLE_DEBUG_INFO = NO;
				SDKROOT = iphoneos;
				VALIDATE_PRODUCT = YES;
			};
			name = Release;
		};
		F12704FD214F8924008AC793 /* Debug */ = {
			isa = XCBuildConfiguration;
			buildSettings = {
				ASSETCATALOG_COMPILER_APPICON_NAME = AppIcon;
				CODE_SIGN_STYLE = Automatic;
				DEVELOPMENT_TEAM = PHDN68AB54;
				INFOPLIST_FILE = zxcv/Info.plist;
				LD_RUNPATH_SEARCH_PATHS = (
					"$(inherited)",
					"@executable_path/Frameworks",
				);
				PRODUCT_BUNDLE_IDENTIFIER = ShangHaiYDA.zxcv;
				PRODUCT_NAME = "$(TARGET_NAME)";
				TARGETED_DEVICE_FAMILY = "1,2";
			};
			name = Debug;
		};
		F12704FE214F8924008AC793 /* Release */ = {
			isa = XCBuildConfiguration;
			buildSettings = {
				ASSETCATALOG_COMPILER_APPICON_NAME = AppIcon;
				CODE_SIGN_STYLE = Automatic;
				DEVELOPMENT_TEAM = PHDN68AB54;
				INFOPLIST_FILE = zxcv/Info.plist;
				LD_RUNPATH_SEARCH_PATHS = (
					"$(inherited)",
					"@executable_path/Frameworks",
				);
				PRODUCT_BUNDLE_IDENTIFIER = ShangHaiYDA.zxcv;
				PRODUCT_NAME = "$(TARGET_NAME)";
				TARGETED_DEVICE_FAMILY = "1,2";
			};
			name = Release;
		};
		F1270500214F8924008AC793 /* Debug */ = {
			isa = XCBuildConfiguration;
			buildSettings = {
				BUNDLE_LOADER = "$(TEST_HOST)";
				CODE_SIGN_STYLE = Automatic;
				DEVELOPMENT_TEAM = PHDN68AB54;
				INFOPLIST_FILE = zxcvTests/Info.plist;
				LD_RUNPATH_SEARCH_PATHS = (
					"$(inherited)",
					"@executable_path/Frameworks",
					"@loader_path/Frameworks",
				);
				PRODUCT_BUNDLE_IDENTIFIER = ShangHaiYDA.zxcvTests;
				PRODUCT_NAME = "$(TARGET_NAME)";
				TARGETED_DEVICE_FAMILY = "1,2";
				TEST_HOST = "$(BUILT_PRODUCTS_DIR)/zxcv.app/zxcv";
			};
			name = Debug;
		};
		F1270501214F8924008AC793 /* Release */ = {
			isa = XCBuildConfiguration;
			buildSettings = {
				BUNDLE_LOADER = "$(TEST_HOST)";
				CODE_SIGN_STYLE = Automatic;
				DEVELOPMENT_TEAM = PHDN68AB54;
				INFOPLIST_FILE = zxcvTests/Info.plist;
				LD_RUNPATH_SEARCH_PATHS = (
					"$(inherited)",
					"@executable_path/Frameworks",
					"@loader_path/Frameworks",
				);
				PRODUCT_BUNDLE_IDENTIFIER = ShangHaiYDA.zxcvTests;
				PRODUCT_NAME = "$(TARGET_NAME)";
				TARGETED_DEVICE_FAMILY = "1,2";
				TEST_HOST = "$(BUILT_PRODUCTS_DIR)/zxcv.app/zxcv";
			};
			name = Release;
		};
		F1270503214F8924008AC793 /* Debug */ = {
			isa = XCBuildConfiguration;
			buildSettings = {
				CODE_SIGN_STYLE = Automatic;
				DEVELOPMENT_TEAM = PHDN68AB54;
				INFOPLIST_FILE = zxcvUITests/Info.plist;
				LD_RUNPATH_SEARCH_PATHS = (
					"$(inherited)",
					"@executable_path/Frameworks",
					"@loader_path/Frameworks",
				);
				PRODUCT_BUNDLE_IDENTIFIER = ShangHaiYDA.zxcvUITests;
				PRODUCT_NAME = "$(TARGET_NAME)";
				TARGETED_DEVICE_FAMILY = "1,2";
				TEST_TARGET_NAME = zxcv;
			};
			name = Debug;
		};
		F1270504214F8924008AC793 /* Release */ = {
			isa = XCBuildConfiguration;
			buildSettings = {
				CODE_SIGN_STYLE = Automatic;
				DEVELOPMENT_TEAM = PHDN68AB54;
				INFOPLIST_FILE = zxcvUITests/Info.plist;
				LD_RUNPATH_SEARCH_PATHS = (
					"$(inherited)",
					"@executable_path/Frameworks",
					"@loader_path/Frameworks",
				);
				PRODUCT_BUNDLE_IDENTIFIER = ShangHaiYDA.zxcvUITests;
				PRODUCT_NAME = "$(TARGET_NAME)";
				TARGETED_DEVICE_FAMILY = "1,2";
				TEST_TARGET_NAME = zxcv;
			};
			name = Release;
		};
/* End XCBuildConfiguration section */

/* Begin XCConfigurationList section */
		F12704CB214F8923008AC793 /* Build configuration list for PBXProject "zxcv" */ = {
			isa = XCConfigurationList;
			buildConfigurations = (
				F12704FA214F8924008AC793 /* Debug */,
				F12704FB214F8924008AC793 /* Release */,
			);
			defaultConfigurationIsVisible = 0;
			defaultConfigurationName = Release;
		};
		F12704FC214F8924008AC793 /* Build configuration list for PBXNativeTarget "zxcv" */ = {
			isa = XCConfigurationList;
			buildConfigurations = (
				F12704FD214F8924008AC793 /* Debug */,
				F12704FE214F8924008AC793 /* Release */,
			);
			defaultConfigurationIsVisible = 0;
			defaultConfigurationName = Release;
		};
		F12704FF214F8924008AC793 /* Build configuration list for PBXNativeTarget "zxcvTests" */ = {
			isa = XCConfigurationList;
			buildConfigurations = (
				F1270500214F8924008AC793 /* Debug */,
				F1270501214F8924008AC793 /* Release */,
			);
			defaultConfigurationIsVisible = 0;
			defaultConfigurationName = Release;
		};
		F1270502214F8924008AC793 /* Build configuration list for PBXNativeTarget "zxcvUITests" */ = {
			isa = XCConfigurationList;
			buildConfigurations = (
				F1270503214F8924008AC793 /* Debug */,
				F1270504214F8924008AC793 /* Release */,
			);
			defaultConfigurationIsVisible = 0;
			defaultConfigurationName = Release;
		};
/* End XCConfigurationList section */
	};
	rootObject = F12704C8214F8923008AC793 /* Project object */;
}
